// !$*UTF8*$!
{
	archiveVersion = 1;
	classes = {
	};
	objectVersion = 50;
	objects = {

/* Begin PBXBuildFile section */
		4843CE002360C0280026A736 /* AppDelegate.swift in Sources */ = {isa = PBXBuildFile; fileRef = 4843CDFF2360C0280026A736 /* AppDelegate.swift */; };
		4843CE022360C0280026A736 /* SceneDelegate.swift in Sources */ = {isa = PBXBuildFile; fileRef = 4843CE012360C0280026A736 /* SceneDelegate.swift */; };
		4843CE042360C0280026A736 /* ViewController.swift in Sources */ = {isa = PBXBuildFile; fileRef = 4843CE032360C0280026A736 /* ViewController.swift */; };
		4843CE072360C0280026A736 /* Main.storyboard in Resources */ = {isa = PBXBuildFile; fileRef = 4843CE052360C0280026A736 /* Main.storyboard */; };
		4843CE092360C0280026A736 /* Assets.xcassets in Resources */ = {isa = PBXBuildFile; fileRef = 4843CE082360C0280026A736 /* Assets.xcassets */; };
		4843CE0C2360C0280026A736 /* LaunchScreen.storyboard in Resources */ = {isa = PBXBuildFile; fileRef = 4843CE0A2360C0280026A736 /* LaunchScreen.storyboard */; };
		4843CE142360C4200026A736 /* Session.swift in Sources */ = {isa = PBXBuildFile; fileRef = 4843CE132360C4200026A736 /* Session.swift */; };
		4843CE182360C8340026A736 /* LastViewController.swift in Sources */ = {isa = PBXBuildFile; fileRef = 4843CE172360C8340026A736 /* LastViewController.swift */; };
/* End PBXBuildFile section */

/* Begin PBXFileReference section */
		4843CDFC2360C0280026A736 /* b3_les1.app */ = {isa = PBXFileReference; explicitFileType = wrapper.application; includeInIndex = 0; path = b3_les1.app; sourceTree = BUILT_PRODUCTS_DIR; };
		4843CDFF2360C0280026A736 /* AppDelegate.swift */ = {isa = PBXFileReference; lastKnownFileType = sourcecode.swift; path = AppDelegate.swift; sourceTree = "<group>"; };
		4843CE012360C0280026A736 /* SceneDelegate.swift */ = {isa = PBXFileReference; lastKnownFileType = sourcecode.swift; path = SceneDelegate.swift; sourceTree = "<group>"; };
		4843CE032360C0280026A736 /* ViewController.swift */ = {isa = PBXFileReference; lastKnownFileType = sourcecode.swift; path = ViewController.swift; sourceTree = "<group>"; };
		4843CE062360C0280026A736 /* Base */ = {isa = PBXFileReference; lastKnownFileType = file.storyboard; name = Base; path = Base.lproj/Main.storyboard; sourceTree = "<group>"; };
		4843CE082360C0280026A736 /* Assets.xcassets */ = {isa = PBXFileReference; lastKnownFileType = folder.assetcatalog; path = Assets.xcassets; sourceTree = "<group>"; };
		4843CE0B2360C0280026A736 /* Base */ = {isa = PBXFileReference; lastKnownFileType = file.storyboard; name = Base; path = Base.lproj/LaunchScreen.storyboard; sourceTree = "<group>"; };
		4843CE0D2360C0280026A736 /* Info.plist */ = {isa = PBXFileReference; lastKnownFileType = text.plist.xml; path = Info.plist; sourceTree = "<group>"; };
		4843CE132360C4200026A736 /* Session.swift */ = {isa = PBXFileReference; lastKnownFileType = sourcecode.swift; path = Session.swift; sourceTree = "<group>"; };
		4843CE172360C8340026A736 /* LastViewController.swift */ = {isa = PBXFileReference; lastKnownFileType = sourcecode.swift; path = LastViewController.swift; sourceTree = "<group>"; };
/* End PBXFileReference section */

/* Begin PBXFrameworksBuildPhase section */
		4843CDF92360C0280026A736 /* Frameworks */ = {
			isa = PBXFrameworksBuildPhase;
			buildActionMask = 2147483647;
			files = (
			);
			runOnlyForDeploymentPostprocessing = 0;
		};
/* End PBXFrameworksBuildPhase section */

/* Begin PBXGroup section */
		4843CDF32360C0280026A736 = {
			isa = PBXGroup;
			children = (
				4843CDFE2360C0280026A736 /* b3_les1 */,
				4843CDFD2360C0280026A736 /* Products */,
			);
			sourceTree = "<group>";
		};
		4843CDFD2360C0280026A736 /* Products */ = {
			isa = PBXGroup;
			children = (
				4843CDFC2360C0280026A736 /* b3_les1.app */,
			);
			name = Products;
			sourceTree = "<group>";
		};
		4843CDFE2360C0280026A736 /* b3_les1 */ = {
			isa = PBXGroup;
			children = (
				4843CDFF2360C0280026A736 /* AppDelegate.swift */,
				4843CE012360C0280026A736 /* SceneDelegate.swift */,
				4843CE032360C0280026A736 /* ViewController.swift */,
				4843CE132360C4200026A736 /* Session.swift */,
				4843CE052360C0280026A736 /* Main.storyboard */,
				4843CE172360C8340026A736 /* LastViewController.swift */,
				4843CE082360C0280026A736 /* Assets.xcassets */,
				4843CE0A2360C0280026A736 /* LaunchScreen.storyboard */,
				4843CE0D2360C0280026A736 /* Info.plist */,
			);
			path = b3_les1;
			sourceTree = "<group>";
		};
/* End PBXGroup section */

/* Begin PBXNativeTarget section */
		4843CDFB2360C0280026A736 /* b3_les1 */ = {
			isa = PBXNativeTarget;
			buildConfigurationList = 4843CE102360C0280026A736 /* Build configuration list for PBXNativeTarget "b3_les1" */;
			buildPhases = (
				4843CDF82360C0280026A736 /* Sources */,
				4843CDF92360C0280026A736 /* Frameworks */,
				4843CDFA2360C0280026A736 /* Resources */,
			);
			buildRules = (
			);
			dependencies = (
			);
			name = b3_les1;
			productName = b3_les1;
			productReference = 4843CDFC2360C0280026A736 /* b3_les1.app */;
			productType = "com.apple.product-type.application";
		};
/* End PBXNativeTarget section */

/* Begin PBXProject section */
		4843CDF42360C0280026A736 /* Project object */ = {
			isa = PBXProject;
			attributes = {
				LastSwiftUpdateCheck = 1100;
				LastUpgradeCheck = 1100;
				ORGANIZATIONNAME = Alexander;
				TargetAttributes = {
					4843CDFB2360C0280026A736 = {
						CreatedOnToolsVersion = 11.0;
					};
				};
			};
			buildConfigurationList = 4843CDF72360C0280026A736 /* Build configuration list for PBXProject "b3_les1" */;
			compatibilityVersion = "Xcode 9.3";
			developmentRegion = en;
			hasScannedForEncodings = 0;
			knownRegions = (
				en,
				Base,
			);
			mainGroup = 4843CDF32360C0280026A736;
			productRefGroup = 4843CDFD2360C0280026A736 /* Products */;
			projectDirPath = "";
			projectRoot = "";
			targets = (
				4843CDFB2360C0280026A736 /* b3_les1 */,
			);
		};
/* End PBXProject section */

/* Begin PBXResourcesBuildPhase section */
		4843CDFA2360C0280026A736 /* Resources */ = {
			isa = PBXResourcesBuildPhase;
			buildActionMask = 2147483647;
			files = (
				4843CE0C2360C0280026A736 /* LaunchScreen.storyboard in Resources */,
				4843CE092360C0280026A736 /* Assets.xcassets in Resources */,
				4843CE072360C0280026A736 /* Main.storyboard in Resources */,
			);
			runOnlyForDeploymentPostprocessing = 0;
		};
/* End PBXResourcesBuildPhase section */

/* Begin PBXSourcesBuildPhase section */
		4843CDF82360C0280026A736 /* Sources */ = {
			isa = PBXSourcesBuildPhase;
			buildActionMask = 2147483647;
			files = (
				4843CE042360C0280026A736 /* ViewController.swift in Sources */,
				4843CE182360C8340026A736 /* LastViewController.swift in Sources */,
				4843CE142360C4200026A736 /* Session.swift in Sources */,
				4843CE002360C0280026A736 /* AppDelegate.swift in Sources */,
				4843CE022360C0280026A736 /* SceneDelegate.swift in Sources */,
			);
			runOnlyForDeploymentPostprocessing = 0;
		};
/* End PBXSourcesBuildPhase section */

/* Begin PBXVariantGroup section */
		4843CE052360C0280026A736 /* Main.storyboard */ = {
			isa = PBXVariantGroup;
			children = (
				4843CE062360C0280026A736 /* Base */,
			);
			name = Main.storyboard;
			sourceTree = "<group>";
		};
		4843CE0A2360C0280026A736 /* LaunchScreen.storyboard */ = {
			isa = PBXVariantGroup;
			children = (
				4843CE0B2360C0280026A736 /* Base */,
			);
			name = LaunchScreen.storyboard;
			sourceTree = "<group>";
		};
/* End PBXVariantGroup section */

/* Begin XCBuildConfiguration section */
		4843CE0E2360C0280026A736 /* Debug */ = {
			isa = XCBuildConfiguration;
			buildSettings = {
				ALWAYS_SEARCH_USER_PATHS = NO;
				CLANG_ANALYZER_NONNULL = YES;
				CLANG_ANALYZER_NUMBER_OBJECT_CONVERSION = YES_AGGRESSIVE;
				CLANG_CXX_LANGUAGE_STANDARD = "gnu++14";
				CLANG_CXX_LIBRARY = "libc++";
				CLANG_ENABLE_MODULES = YES;
				CLANG_ENABLE_OBJC_ARC = YES;
				CLANG_ENABLE_OBJC_WEAK = YES;
				CLANG_WARN_BLOCK_CAPTURE_AUTORELEASING = YES;
				CLANG_WARN_BOOL_CONVERSION = YES;
				CLANG_WARN_COMMA = YES;
				CLANG_WARN_CONSTANT_CONVERSION = YES;
				CLANG_WARN_DEPRECATED_OBJC_IMPLEMENTATIONS = YES;
				CLANG_WARN_DIRECT_OBJC_ISA_USAGE = YES_ERROR;
				CLANG_WARN_DOCUMENTATION_COMMENTS = YES;
				CLANG_WARN_EMPTY_BODY = YES;
				CLANG_WARN_ENUM_CONVERSION = YES;
				CLANG_WARN_INFINITE_RECURSION = YES;
				CLANG_WARN_INT_CONVERSION = YES;
				CLANG_WARN_NON_LITERAL_NULL_CONVERSION = YES;
				CLANG_WARN_OBJC_IMPLICIT_RETAIN_SELF = YES;
				CLANG_WARN_OBJC_LITERAL_CONVERSION = YES;
				CLANG_WARN_OBJC_ROOT_CLASS = YES_ERROR;
				CLANG_WARN_RANGE_LOOP_ANALYSIS = YES;
				CLANG_WARN_STRICT_PROTOTYPES = YES;
				CLANG_WARN_SUSPICIOUS_MOVE = YES;
				CLANG_WARN_UNGUARDED_AVAILABILITY = YES_AGGRESSIVE;
				CLANG_WARN_UNREACHABLE_CODE = YES;
				CLANG_WARN__DUPLICATE_METHOD_MATCH = YES;
				COPY_PHASE_STRIP = NO;
				DEBUG_INFORMATION_FORMAT = dwarf;
				ENABLE_STRICT_OBJC_MSGSEND = YES;
				ENABLE_TESTABILITY = YES;
				GCC_C_LANGUAGE_STANDARD = gnu11;
				GCC_DYNAMIC_NO_PIC = NO;
				GCC_NO_COMMON_BLOCKS = YES;
				GCC_OPTIMIZATION_LEVEL = 0;
				GCC_PREPROCESSOR_DEFINITIONS = (
					"DEBUG=1",
					"$(inherited)",
				);
				GCC_WARN_64_TO_32_BIT_CONVERSION = YES;
				GCC_WARN_ABOUT_RETURN_TYPE = YES_ERROR;
				GCC_WARN_UNDECLARED_SELECTOR = YES;
				GCC_WARN_UNINITIALIZED_AUTOS = YES_AGGRESSIVE;
				GCC_WARN_UNUSED_FUNCTION = YES;
				GCC_WARN_UNUSED_VARIABLE = YES;
				IPHONEOS_DEPLOYMENT_TARGET = 13.0;
				MTL_ENABLE_DEBUG_INFO = INCLUDE_SOURCE;
				MTL_FAST_MATH = YES;
				ONLY_ACTIVE_ARCH = YES;
				SDKROOT = iphoneos;
				SWIFT_ACTIVE_COMPILATION_CONDITIONS = DEBUG;
				SWIFT_OPTIMIZATION_LEVEL = "-Onone";
			};
			name = Debug;
		};
		4843CE0F2360C0280026A736 /* Release */ = {
			isa = XCBuildConfiguration;
			buildSettings = {
				ALWAYS_SEARCH_USER_PATHS = NO;
				CLANG_ANALYZER_NONNULL = YES;
				CLANG_ANALYZER_NUMBER_OBJECT_CONVERSION = YES_AGGRESSIVE;
				CLANG_CXX_LANGUAGE_STANDARD = "gnu++14";
				CLANG_CXX_LIBRARY = "libc++";
				CLANG_ENABLE_MODULES = YES;
				CLANG_ENABLE_OBJC_ARC = YES;
				CLANG_ENABLE_OBJC_WEAK = YES;
				CLANG_WARN_BLOCK_CAPTURE_AUTORELEASING = YES;
				CLANG_WARN_BOOL_CONVERSION = YES;
				CLANG_WARN_COMMA = YES;
				CLANG_WARN_CONSTANT_CONVERSION = YES;
				CLANG_WARN_DEPRECATED_OBJC_IMPLEMENTATIONS = YES;
				CLANG_WARN_DIRECT_OBJC_ISA_USAGE = YES_ERROR;
				CLANG_WARN_DOCUMENTATION_COMMENTS = YES;
				CLANG_WARN_EMPTY_BODY = YES;
				CLANG_WARN_ENUM_CONVERSION = YES;
				CLANG_WARN_INFINITE_RECURSION = YES;
				CLANG_WARN_INT_CONVERSION = YES;
				CLANG_WARN_NON_LITERAL_NULL_CONVERSION = YES;
				CLANG_WARN_OBJC_IMPLICIT_RETAIN_SELF = YES;
				CLANG_WARN_OBJC_LITERAL_CONVERSION = YES;
				CLANG_WARN_OBJC_ROOT_CLASS = YES_ERROR;
				CLANG_WARN_RANGE_LOOP_ANALYSIS = YES;
				CLANG_WARN_STRICT_PROTOTYPES = YES;
				CLANG_WARN_SUSPICIOUS_MOVE = YES;
				CLANG_WARN_UNGUARDED_AVAILABILITY = YES_AGGRESSIVE;
				CLANG_WARN_UNREACHABLE_CODE = YES;
				CLANG_WARN__DUPLICATE_METHOD_MATCH = YES;
				COPY_PHASE_STRIP = NO;
				DEBUG_INFORMATION_FORMAT = "dwarf-with-dsym";
				ENABLE_NS_ASSERTIONS = NO;
				ENABLE_STRICT_OBJC_MSGSEND = YES;
				GCC_C_LANGUAGE_STANDARD = gnu11;
				GCC_NO_COMMON_BLOCKS = YES;
				GCC_WARN_64_TO_32_BIT_CONVERSION = YES;
				GCC_WARN_ABOUT_RETURN_TYPE = YES_ERROR;
				GCC_WARN_UNDECLARED_SELECTOR = YES;
				GCC_WARN_UNINITIALIZED_AUTOS = YES_AGGRESSIVE;
				GCC_WARN_UNUSED_FUNCTION = YES;
				GCC_WARN_UNUSED_VARIABLE = YES;
				IPHONEOS_DEPLOYMENT_TARGET = 13.0;
				MTL_ENABLE_DEBUG_INFO = NO;
				MTL_FAST_MATH = YES;
				SDKROOT = iphoneos;
				SWIFT_COMPILATION_MODE = wholemodule;
				SWIFT_OPTIMIZATION_LEVEL = "-O";
				VALIDATE_PRODUCT = YES;
			};
			name = Release;
		};
		4843CE112360C0280026A736 /* Debug */ = {
			isa = XCBuildConfiguration;
			buildSettings = {
				ASSETCATALOG_COMPILER_APPICON_NAME = AppIcon;
				CODE_SIGN_STYLE = Automatic;
				INFOPLIST_FILE = b3_les1/Info.plist;
				LD_RUNPATH_SEARCH_PATHS = (
					"$(inherited)",
					"@executable_path/Frameworks",
				);
				PRODUCT_BUNDLE_IDENTIFIER = "CS.b3-les1";
				PRODUCT_NAME = "$(TARGET_NAME)";
				SWIFT_VERSION = 5.0;
				TARGETED_DEVICE_FAMILY = "1,2";
			};
			name = Debug;
		};
		4843CE122360C0280026A736 /* Release */ = {
			isa = XCBuildConfiguration;
			buildSettings = {
				ASSETCATALOG_COMPILER_APPICON_NAME = AppIcon;
				CODE_SIGN_STYLE = Automatic;
				INFOPLIST_FILE = b3_les1/Info.plist;
				LD_RUNPATH_SEARCH_PATHS = (
					"$(inherited)",
					"@executable_path/Frameworks",
				);
				PRODUCT_BUNDLE_IDENTIFIER = "CS.b3-les1";
				PRODUCT_NAME = "$(TARGET_NAME)";
				SWIFT_VERSION = 5.0;
				TARGETED_DEVICE_FAMILY = "1,2";
			};
			name = Release;
		};
/* End XCBuildConfiguration section */

/* Begin XCConfigurationList section */
		4843CDF72360C0280026A736 /* Build configuration list for PBXProject "b3_les1" */ = {
			isa = XCConfigurationList;
			buildConfigurations = (
				4843CE0E2360C0280026A736 /* Debug */,
				4843CE0F2360C0280026A736 /* Release */,
			);
			defaultConfigurationIsVisible = 0;
			defaultConfigurationName = Release;
		};
		4843CE102360C0280026A736 /* Build configuration list for PBXNativeTarget "b3_les1" */ = {
			isa = XCConfigurationList;
			buildConfigurations = (
				4843CE112360C0280026A736 /* Debug */,
				4843CE122360C0280026A736 /* Release */,
			);
			defaultConfigurationIsVisible = 0;
			defaultConfigurationName = Release;
		};
/* End XCConfigurationList section */
	};
	rootObject = 4843CDF42360C0280026A736 /* Project object */;
}
