// !$*UTF8*$!
{
	archiveVersion = 1;
	classes = {
	};
	objectVersion = 50;
	objects = {

/* Begin PBXBuildFile section */
		487006C02365BDA700B9F3C9 /* AppDelegate.swift in Sources */ = {isa = PBXBuildFile; fileRef = 487006BF2365BDA700B9F3C9 /* AppDelegate.swift */; };
		487006C22365BDA700B9F3C9 /* SceneDelegate.swift in Sources */ = {isa = PBXBuildFile; fileRef = 487006C12365BDA700B9F3C9 /* SceneDelegate.swift */; };
		487006C42365BDA700B9F3C9 /* ViewController.swift in Sources */ = {isa = PBXBuildFile; fileRef = 487006C32365BDA700B9F3C9 /* ViewController.swift */; };
		487006C72365BDA700B9F3C9 /* Main.storyboard in Resources */ = {isa = PBXBuildFile; fileRef = 487006C52365BDA700B9F3C9 /* Main.storyboard */; };
		487006C92365BDAC00B9F3C9 /* Assets.xcassets in Resources */ = {isa = PBXBuildFile; fileRef = 487006C82365BDAC00B9F3C9 /* Assets.xcassets */; };
		487006CC2365BDAC00B9F3C9 /* LaunchScreen.storyboard in Resources */ = {isa = PBXBuildFile; fileRef = 487006CA2365BDAC00B9F3C9 /* LaunchScreen.storyboard */; };
/* End PBXBuildFile section */

/* Begin PBXFileReference section */
		487006BC2365BDA700B9F3C9 /* b3_les2.app */ = {isa = PBXFileReference; explicitFileType = wrapper.application; includeInIndex = 0; path = b3_les2.app; sourceTree = BUILT_PRODUCTS_DIR; };
		487006BF2365BDA700B9F3C9 /* AppDelegate.swift */ = {isa = PBXFileReference; lastKnownFileType = sourcecode.swift; path = AppDelegate.swift; sourceTree = "<group>"; };
		487006C12365BDA700B9F3C9 /* SceneDelegate.swift */ = {isa = PBXFileReference; lastKnownFileType = sourcecode.swift; path = SceneDelegate.swift; sourceTree = "<group>"; };
		487006C32365BDA700B9F3C9 /* ViewController.swift */ = {isa = PBXFileReference; lastKnownFileType = sourcecode.swift; path = ViewController.swift; sourceTree = "<group>"; };
		487006C62365BDA700B9F3C9 /* Base */ = {isa = PBXFileReference; lastKnownFileType = file.storyboard; name = Base; path = Base.lproj/Main.storyboard; sourceTree = "<group>"; };
		487006C82365BDAC00B9F3C9 /* Assets.xcassets */ = {isa = PBXFileReference; lastKnownFileType = folder.assetcatalog; path = Assets.xcassets; sourceTree = "<group>"; };
		487006CB2365BDAC00B9F3C9 /* Base */ = {isa = PBXFileReference; lastKnownFileType = file.storyboard; name = Base; path = Base.lproj/LaunchScreen.storyboard; sourceTree = "<group>"; };
		487006CD2365BDAC00B9F3C9 /* Info.plist */ = {isa = PBXFileReference; lastKnownFileType = text.plist.xml; path = Info.plist; sourceTree = "<group>"; };
/* End PBXFileReference section */

/* Begin PBXFrameworksBuildPhase section */
		487006B92365BDA700B9F3C9 /* Frameworks */ = {
			isa = PBXFrameworksBuildPhase;
			buildActionMask = 2147483647;
			files = (
			);
			runOnlyForDeploymentPostprocessing = 0;
		};
/* End PBXFrameworksBuildPhase section */

/* Begin PBXGroup section */
		487006B32365BDA700B9F3C9 = {
			isa = PBXGroup;
			children = (
				487006BE2365BDA700B9F3C9 /* b3_les2 */,
				487006BD2365BDA700B9F3C9 /* Products */,
			);
			sourceTree = "<group>";
		};
		487006BD2365BDA700B9F3C9 /* Products */ = {
			isa = PBXGroup;
			children = (
				487006BC2365BDA700B9F3C9 /* b3_les2.app */,
			);
			name = Products;
			sourceTree = "<group>";
		};
		487006BE2365BDA700B9F3C9 /* b3_les2 */ = {
			isa = PBXGroup;
			children = (
				487006BF2365BDA700B9F3C9 /* AppDelegate.swift */,
				487006C12365BDA700B9F3C9 /* SceneDelegate.swift */,
				487006C32365BDA700B9F3C9 /* ViewController.swift */,
				487006C52365BDA700B9F3C9 /* Main.storyboard */,
				487006C82365BDAC00B9F3C9 /* Assets.xcassets */,
				487006CA2365BDAC00B9F3C9 /* LaunchScreen.storyboard */,
				487006CD2365BDAC00B9F3C9 /* Info.plist */,
			);
			path = b3_les2;
			sourceTree = "<group>";
		};
/* End PBXGroup section */

/* Begin PBXNativeTarget section */
		487006BB2365BDA700B9F3C9 /* b3_les2 */ = {
			isa = PBXNativeTarget;
			buildConfigurationList = 487006D02365BDAC00B9F3C9 /* Build configuration list for PBXNativeTarget "b3_les2" */;
			buildPhases = (
				487006B82365BDA700B9F3C9 /* Sources */,
				487006B92365BDA700B9F3C9 /* Frameworks */,
				487006BA2365BDA700B9F3C9 /* Resources */,
			);
			buildRules = (
			);
			dependencies = (
			);
			name = b3_les2;
			productName = b3_les2;
			productReference = 487006BC2365BDA700B9F3C9 /* b3_les2.app */;
			productType = "com.apple.product-type.application";
		};
/* End PBXNativeTarget section */

/* Begin PBXProject section */
		487006B42365BDA700B9F3C9 /* Project object */ = {
			isa = PBXProject;
			attributes = {
				LastSwiftUpdateCheck = 1110;
				LastUpgradeCheck = 1110;
				ORGANIZATIONNAME = Alexander;
				TargetAttributes = {
					487006BB2365BDA700B9F3C9 = {
						CreatedOnToolsVersion = 11.1;
					};
				};
			};
			buildConfigurationList = 487006B72365BDA700B9F3C9 /* Build configuration list for PBXProject "b3_les2" */;
			compatibilityVersion = "Xcode 9.3";
			developmentRegion = en;
			hasScannedForEncodings = 0;
			knownRegions = (
				en,
				Base,
			);
			mainGroup = 487006B32365BDA700B9F3C9;
			productRefGroup = 487006BD2365BDA700B9F3C9 /* Products */;
			projectDirPath = "";
			projectRoot = "";
			targets = (
				487006BB2365BDA700B9F3C9 /* b3_les2 */,
			);
		};
/* End PBXProject section */

/* Begin PBXResourcesBuildPhase section */
		487006BA2365BDA700B9F3C9 /* Resources */ = {
			isa = PBXResourcesBuildPhase;
			buildActionMask = 2147483647;
			files = (
				487006CC2365BDAC00B9F3C9 /* LaunchScreen.storyboard in Resources */,
				487006C92365BDAC00B9F3C9 /* Assets.xcassets in Resources */,
				487006C72365BDA700B9F3C9 /* Main.storyboard in Resources */,
			);
			runOnlyForDeploymentPostprocessing = 0;
		};
/* End PBXResourcesBuildPhase section */

/* Begin PBXSourcesBuildPhase section */
		487006B82365BDA700B9F3C9 /* Sources */ = {
			isa = PBXSourcesBuildPhase;
			buildActionMask = 2147483647;
			files = (
				487006C42365BDA700B9F3C9 /* ViewController.swift in Sources */,
				487006C02365BDA700B9F3C9 /* AppDelegate.swift in Sources */,
				487006C22365BDA700B9F3C9 /* SceneDelegate.swift in Sources */,
			);
			runOnlyForDeploymentPostprocessing = 0;
		};
/* End PBXSourcesBuildPhase section */

/* Begin PBXVariantGroup section */
		487006C52365BDA700B9F3C9 /* Main.storyboard */ = {
			isa = PBXVariantGroup;
			children = (
				487006C62365BDA700B9F3C9 /* Base */,
			);
			name = Main.storyboard;
			sourceTree = "<group>";
		};
		487006CA2365BDAC00B9F3C9 /* LaunchScreen.storyboard */ = {
			isa = PBXVariantGroup;
			children = (
				487006CB2365BDAC00B9F3C9 /* Base */,
			);
			name = LaunchScreen.storyboard;
			sourceTree = "<group>";
		};
/* End PBXVariantGroup section */

/* Begin XCBuildConfiguration section */
		487006CE2365BDAC00B9F3C9 /* Debug */ = {
			isa = XCBuildConfiguration;
			buildSettings = {
				ALWAYS_SEARCH_USER_PATHS = NO;
				CLANG_ANALYZER_NONNULL = YES;
				CLANG_ANALYZER_NUMBER_OBJECT_CONVERSION = YES_AGGRESSIVE;
				CLANG_CXX_LANGUAGE_STANDARD = "gnu++14";
				CLANG_CXX_LIBRARY = "libc++";
				CLANG_ENABLE_MODULES = YES;
				CLANG_ENABLE_OBJC_ARC = YES;
				CLANG_ENABLE_OBJC_WEAK = YES;
				CLANG_WARN_BLOCK_CAPTURE_AUTORELEASING = YES;
				CLANG_WARN_BOOL_CONVERSION = YES;
				CLANG_WARN_COMMA = YES;
				CLANG_WARN_CONSTANT_CONVERSION = YES;
				CLANG_WARN_DEPRECATED_OBJC_IMPLEMENTATIONS = YES;
				CLANG_WARN_DIRECT_OBJC_ISA_USAGE = YES_ERROR;
				CLANG_WARN_DOCUMENTATION_COMMENTS = YES;
				CLANG_WARN_EMPTY_BODY = YES;
				CLANG_WARN_ENUM_CONVERSION = YES;
				CLANG_WARN_INFINITE_RECURSION = YES;
				CLANG_WARN_INT_CONVERSION = YES;
				CLANG_WARN_NON_LITERAL_NULL_CONVERSION = YES;
				CLANG_WARN_OBJC_IMPLICIT_RETAIN_SELF = YES;
				CLANG_WARN_OBJC_LITERAL_CONVERSION = YES;
				CLANG_WARN_OBJC_ROOT_CLASS = YES_ERROR;
				CLANG_WARN_RANGE_LOOP_ANALYSIS = YES;
				CLANG_WARN_STRICT_PROTOTYPES = YES;
				CLANG_WARN_SUSPICIOUS_MOVE = YES;
				CLANG_WARN_UNGUARDED_AVAILABILITY = YES_AGGRESSIVE;
				CLANG_WARN_UNREACHABLE_CODE = YES;
				CLANG_WARN__DUPLICATE_METHOD_MATCH = YES;
				COPY_PHASE_STRIP = NO;
				DEBUG_INFORMATION_FORMAT = dwarf;
				ENABLE_STRICT_OBJC_MSGSEND = YES;
				ENABLE_TESTABILITY = YES;
				GCC_C_LANGUAGE_STANDARD = gnu11;
				GCC_DYNAMIC_NO_PIC = NO;
				GCC_NO_COMMON_BLOCKS = YES;
				GCC_OPTIMIZATION_LEVEL = 0;
				GCC_PREPROCESSOR_DEFINITIONS = (
					"DEBUG=1",
					"$(inherited)",
				);
				GCC_WARN_64_TO_32_BIT_CONVERSION = YES;
				GCC_WARN_ABOUT_RETURN_TYPE = YES_ERROR;
				GCC_WARN_UNDECLARED_SELECTOR = YES;
				GCC_WARN_UNINITIALIZED_AUTOS = YES_AGGRESSIVE;
				GCC_WARN_UNUSED_FUNCTION = YES;
				GCC_WARN_UNUSED_VARIABLE = YES;
				IPHONEOS_DEPLOYMENT_TARGET = 13.1;
				MTL_ENABLE_DEBUG_INFO = INCLUDE_SOURCE;
				MTL_FAST_MATH = YES;
				ONLY_ACTIVE_ARCH = YES;
				SDKROOT = iphoneos;
				SWIFT_ACTIVE_COMPILATION_CONDITIONS = DEBUG;
				SWIFT_OPTIMIZATION_LEVEL = "-Onone";
			};
			name = Debug;
		};
		487006CF2365BDAC00B9F3C9 /* Release */ = {
			isa = XCBuildConfiguration;
			buildSettings = {
				ALWAYS_SEARCH_USER_PATHS = NO;
				CLANG_ANALYZER_NONNULL = YES;
				CLANG_ANALYZER_NUMBER_OBJECT_CONVERSION = YES_AGGRESSIVE;
				CLANG_CXX_LANGUAGE_STANDARD = "gnu++14";
				CLANG_CXX_LIBRARY = "libc++";
				CLANG_ENABLE_MODULES = YES;
				CLANG_ENABLE_OBJC_ARC = YES;
				CLANG_ENABLE_OBJC_WEAK = YES;
				CLANG_WARN_BLOCK_CAPTURE_AUTORELEASING = YES;
				CLANG_WARN_BOOL_CONVERSION = YES;
				CLANG_WARN_COMMA = YES;
				CLANG_WARN_CONSTANT_CONVERSION = YES;
				CLANG_WARN_DEPRECATED_OBJC_IMPLEMENTATIONS = YES;
				CLANG_WARN_DIRECT_OBJC_ISA_USAGE = YES_ERROR;
				CLANG_WARN_DOCUMENTATION_COMMENTS = YES;
				CLANG_WARN_EMPTY_BODY = YES;
				CLANG_WARN_ENUM_CONVERSION = YES;
				CLANG_WARN_INFINITE_RECURSION = YES;
				CLANG_WARN_INT_CONVERSION = YES;
				CLANG_WARN_NON_LITERAL_NULL_CONVERSION = YES;
				CLANG_WARN_OBJC_IMPLICIT_RETAIN_SELF = YES;
				CLANG_WARN_OBJC_LITERAL_CONVERSION = YES;
				CLANG_WARN_OBJC_ROOT_CLASS = YES_ERROR;
				CLANG_WARN_RANGE_LOOP_ANALYSIS = YES;
				CLANG_WARN_STRICT_PROTOTYPES = YES;
				CLANG_WARN_SUSPICIOUS_MOVE = YES;
				CLANG_WARN_UNGUARDED_AVAILABILITY = YES_AGGRESSIVE;
				CLANG_WARN_UNREACHABLE_CODE = YES;
				CLANG_WARN__DUPLICATE_METHOD_MATCH = YES;
				COPY_PHASE_STRIP = NO;
				DEBUG_INFORMATION_FORMAT = "dwarf-with-dsym";
				ENABLE_NS_ASSERTIONS = NO;
				ENABLE_STRICT_OBJC_MSGSEND = YES;
				GCC_C_LANGUAGE_STANDARD = gnu11;
				GCC_NO_COMMON_BLOCKS = YES;
				GCC_WARN_64_TO_32_BIT_CONVERSION = YES;
				GCC_WARN_ABOUT_RETURN_TYPE = YES_ERROR;
				GCC_WARN_UNDECLARED_SELECTOR = YES;
				GCC_WARN_UNINITIALIZED_AUTOS = YES_AGGRESSIVE;
				GCC_WARN_UNUSED_FUNCTION = YES;
				GCC_WARN_UNUSED_VARIABLE = YES;
				IPHONEOS_DEPLOYMENT_TARGET = 13.1;
				MTL_ENABLE_DEBUG_INFO = NO;
				MTL_FAST_MATH = YES;
				SDKROOT = iphoneos;
				SWIFT_COMPILATION_MODE = wholemodule;
				SWIFT_OPTIMIZATION_LEVEL = "-O";
				VALIDATE_PRODUCT = YES;
			};
			name = Release;
		};
		487006D12365BDAC00B9F3C9 /* Debug */ = {
			isa = XCBuildConfiguration;
			buildSettings = {
				ASSETCATALOG_COMPILER_APPICON_NAME = AppIcon;
				CODE_SIGN_STYLE = Automatic;
				INFOPLIST_FILE = b3_les2/Info.plist;
				LD_RUNPATH_SEARCH_PATHS = (
					"$(inherited)",
					"@executable_path/Frameworks",
				);
				PRODUCT_BUNDLE_IDENTIFIER = "CS.b3-les2";
				PRODUCT_NAME = "$(TARGET_NAME)";
				SWIFT_VERSION = 5.0;
				TARGETED_DEVICE_FAMILY = "1,2";
			};
			name = Debug;
		};
		487006D22365BDAC00B9F3C9 /* Release */ = {
			isa = XCBuildConfiguration;
			buildSettings = {
				ASSETCATALOG_COMPILER_APPICON_NAME = AppIcon;
				CODE_SIGN_STYLE = Automatic;
				INFOPLIST_FILE = b3_les2/Info.plist;
				LD_RUNPATH_SEARCH_PATHS = (
					"$(inherited)",
					"@executable_path/Frameworks",
				);
				PRODUCT_BUNDLE_IDENTIFIER = "CS.b3-les2";
				PRODUCT_NAME = "$(TARGET_NAME)";
				SWIFT_VERSION = 5.0;
				TARGETED_DEVICE_FAMILY = "1,2";
			};
			name = Release;
		};
/* End XCBuildConfiguration section */

/* Begin XCConfigurationList section */
		487006B72365BDA700B9F3C9 /* Build configuration list for PBXProject "b3_les2" */ = {
			isa = XCConfigurationList;
			buildConfigurations = (
				487006CE2365BDAC00B9F3C9 /* Debug */,
				487006CF2365BDAC00B9F3C9 /* Release */,
			);
			defaultConfigurationIsVisible = 0;
			defaultConfigurationName = Release;
		};
		487006D02365BDAC00B9F3C9 /* Build configuration list for PBXNativeTarget "b3_les2" */ = {
			isa = XCConfigurationList;
			buildConfigurations = (
				487006D12365BDAC00B9F3C9 /* Debug */,
				487006D22365BDAC00B9F3C9 /* Release */,
			);
			defaultConfigurationIsVisible = 0;
			defaultConfigurationName = Release;
		};
/* End XCConfigurationList section */
	};
	rootObject = 487006B42365BDA700B9F3C9 /* Project object */;
}
