// !$*UTF8*$!
{
	archiveVersion = 1;
	classes = {
	};
	objectVersion = 50;
	objects = {

/* Begin PBXBuildFile section */
		48860823231D60460092A7DE /* AppDelegate.swift in Sources */ = {isa = PBXBuildFile; fileRef = 48860822231D60460092A7DE /* AppDelegate.swift */; };
		48860825231D60460092A7DE /* ViewController.swift in Sources */ = {isa = PBXBuildFile; fileRef = 48860824231D60460092A7DE /* ViewController.swift */; };
		48860828231D60460092A7DE /* Main.storyboard in Resources */ = {isa = PBXBuildFile; fileRef = 48860826231D60460092A7DE /* Main.storyboard */; };
		4886082A231D60480092A7DE /* Assets.xcassets in Resources */ = {isa = PBXBuildFile; fileRef = 48860829231D60480092A7DE /* Assets.xcassets */; };
		4886082D231D60480092A7DE /* LaunchScreen.storyboard in Resources */ = {isa = PBXBuildFile; fileRef = 4886082B231D60480092A7DE /* LaunchScreen.storyboard */; };
		48860837231D60A90092A7DE /* NewsCell.swift in Sources */ = {isa = PBXBuildFile; fileRef = 48860835231D60A90092A7DE /* NewsCell.swift */; };
		48860838231D60A90092A7DE /* NewsCell.xib in Resources */ = {isa = PBXBuildFile; fileRef = 48860836231D60A90092A7DE /* NewsCell.xib */; };
		4886083B231D68A70092A7DE /* news.swift in Sources */ = {isa = PBXBuildFile; fileRef = 4886083A231D68A70092A7DE /* news.swift */; };
		4886083E231D6B3B0092A7DE /* VC + UITableViewDataSource.swift in Sources */ = {isa = PBXBuildFile; fileRef = 4886083D231D6B3B0092A7DE /* VC + UITableViewDataSource.swift */; };
/* End PBXBuildFile section */

/* Begin PBXFileReference section */
		4886081F231D60460092A7DE /* lesson_6.app */ = {isa = PBXFileReference; explicitFileType = wrapper.application; includeInIndex = 0; path = lesson_6.app; sourceTree = BUILT_PRODUCTS_DIR; };
		48860822231D60460092A7DE /* AppDelegate.swift */ = {isa = PBXFileReference; lastKnownFileType = sourcecode.swift; path = AppDelegate.swift; sourceTree = "<group>"; };
		48860824231D60460092A7DE /* ViewController.swift */ = {isa = PBXFileReference; lastKnownFileType = sourcecode.swift; path = ViewController.swift; sourceTree = "<group>"; };
		48860827231D60460092A7DE /* Base */ = {isa = PBXFileReference; lastKnownFileType = file.storyboard; name = Base; path = Base.lproj/Main.storyboard; sourceTree = "<group>"; };
		48860829231D60480092A7DE /* Assets.xcassets */ = {isa = PBXFileReference; lastKnownFileType = folder.assetcatalog; path = Assets.xcassets; sourceTree = "<group>"; };
		4886082C231D60480092A7DE /* Base */ = {isa = PBXFileReference; lastKnownFileType = file.storyboard; name = Base; path = Base.lproj/LaunchScreen.storyboard; sourceTree = "<group>"; };
		4886082E231D60480092A7DE /* Info.plist */ = {isa = PBXFileReference; lastKnownFileType = text.plist.xml; path = Info.plist; sourceTree = "<group>"; };
		48860835231D60A90092A7DE /* NewsCell.swift */ = {isa = PBXFileReference; lastKnownFileType = sourcecode.swift; path = NewsCell.swift; sourceTree = "<group>"; };
		48860836231D60A90092A7DE /* NewsCell.xib */ = {isa = PBXFileReference; lastKnownFileType = file.xib; path = NewsCell.xib; sourceTree = "<group>"; };
		4886083A231D68A70092A7DE /* news.swift */ = {isa = PBXFileReference; lastKnownFileType = sourcecode.swift; path = news.swift; sourceTree = "<group>"; };
		4886083D231D6B3B0092A7DE /* VC + UITableViewDataSource.swift */ = {isa = PBXFileReference; lastKnownFileType = sourcecode.swift; path = "VC + UITableViewDataSource.swift"; sourceTree = "<group>"; };
/* End PBXFileReference section */

/* Begin PBXFrameworksBuildPhase section */
		4886081C231D60460092A7DE /* Frameworks */ = {
			isa = PBXFrameworksBuildPhase;
			buildActionMask = 2147483647;
			files = (
			);
			runOnlyForDeploymentPostprocessing = 0;
		};
/* End PBXFrameworksBuildPhase section */

/* Begin PBXGroup section */
		48860816231D60460092A7DE = {
			isa = PBXGroup;
			children = (
				48860821231D60460092A7DE /* lesson_6 */,
				48860820231D60460092A7DE /* Products */,
			);
			sourceTree = "<group>";
		};
		48860820231D60460092A7DE /* Products */ = {
			isa = PBXGroup;
			children = (
				4886081F231D60460092A7DE /* lesson_6.app */,
			);
			name = Products;
			sourceTree = "<group>";
		};
		48860821231D60460092A7DE /* lesson_6 */ = {
			isa = PBXGroup;
			children = (
				48860822231D60460092A7DE /* AppDelegate.swift */,
				4886083C231D6AE30092A7DE /* Controllers */,
				48860839231D68850092A7DE /* models */,
				48860834231D60660092A7DE /* Cell */,
				48860826231D60460092A7DE /* Main.storyboard */,
				48860829231D60480092A7DE /* Assets.xcassets */,
				4886082B231D60480092A7DE /* LaunchScreen.storyboard */,
				4886082E231D60480092A7DE /* Info.plist */,
			);
			path = lesson_6;
			sourceTree = "<group>";
		};
		48860834231D60660092A7DE /* Cell */ = {
			isa = PBXGroup;
			children = (
				48860835231D60A90092A7DE /* NewsCell.swift */,
				48860836231D60A90092A7DE /* NewsCell.xib */,
			);
			path = Cell;
			sourceTree = "<group>";
		};
		48860839231D68850092A7DE /* models */ = {
			isa = PBXGroup;
			children = (
				4886083A231D68A70092A7DE /* news.swift */,
			);
			path = models;
			sourceTree = "<group>";
		};
		4886083C231D6AE30092A7DE /* Controllers */ = {
			isa = PBXGroup;
			children = (
				48860824231D60460092A7DE /* ViewController.swift */,
				4886083D231D6B3B0092A7DE /* VC + UITableViewDataSource.swift */,
			);
			path = Controllers;
			sourceTree = "<group>";
		};
/* End PBXGroup section */

/* Begin PBXNativeTarget section */
		4886081E231D60460092A7DE /* lesson_6 */ = {
			isa = PBXNativeTarget;
			buildConfigurationList = 48860831231D60480092A7DE /* Build configuration list for PBXNativeTarget "lesson_6" */;
			buildPhases = (
				4886081B231D60460092A7DE /* Sources */,
				4886081C231D60460092A7DE /* Frameworks */,
				4886081D231D60460092A7DE /* Resources */,
			);
			buildRules = (
			);
			dependencies = (
			);
			name = lesson_6;
			productName = lesson_6;
			productReference = 4886081F231D60460092A7DE /* lesson_6.app */;
			productType = "com.apple.product-type.application";
		};
/* End PBXNativeTarget section */

/* Begin PBXProject section */
		48860817231D60460092A7DE /* Project object */ = {
			isa = PBXProject;
			attributes = {
				LastSwiftUpdateCheck = 1030;
				LastUpgradeCheck = 1030;
				ORGANIZATIONNAME = Alexander;
				TargetAttributes = {
					4886081E231D60460092A7DE = {
						CreatedOnToolsVersion = 10.3;
					};
				};
			};
			buildConfigurationList = 4886081A231D60460092A7DE /* Build configuration list for PBXProject "lesson_6" */;
			compatibilityVersion = "Xcode 9.3";
			developmentRegion = en;
			hasScannedForEncodings = 0;
			knownRegions = (
				en,
				Base,
			);
			mainGroup = 48860816231D60460092A7DE;
			productRefGroup = 48860820231D60460092A7DE /* Products */;
			projectDirPath = "";
			projectRoot = "";
			targets = (
				4886081E231D60460092A7DE /* lesson_6 */,
			);
		};
/* End PBXProject section */

/* Begin PBXResourcesBuildPhase section */
		4886081D231D60460092A7DE /* Resources */ = {
			isa = PBXResourcesBuildPhase;
			buildActionMask = 2147483647;
			files = (
				4886082D231D60480092A7DE /* LaunchScreen.storyboard in Resources */,
				4886082A231D60480092A7DE /* Assets.xcassets in Resources */,
				48860838231D60A90092A7DE /* NewsCell.xib in Resources */,
				48860828231D60460092A7DE /* Main.storyboard in Resources */,
			);
			runOnlyForDeploymentPostprocessing = 0;
		};
/* End PBXResourcesBuildPhase section */

/* Begin PBXSourcesBuildPhase section */
		4886081B231D60460092A7DE /* Sources */ = {
			isa = PBXSourcesBuildPhase;
			buildActionMask = 2147483647;
			files = (
				4886083E231D6B3B0092A7DE /* VC + UITableViewDataSource.swift in Sources */,
				48860825231D60460092A7DE /* ViewController.swift in Sources */,
				48860837231D60A90092A7DE /* NewsCell.swift in Sources */,
				4886083B231D68A70092A7DE /* news.swift in Sources */,
				48860823231D60460092A7DE /* AppDelegate.swift in Sources */,
			);
			runOnlyForDeploymentPostprocessing = 0;
		};
/* End PBXSourcesBuildPhase section */

/* Begin PBXVariantGroup section */
		48860826231D60460092A7DE /* Main.storyboard */ = {
			isa = PBXVariantGroup;
			children = (
				48860827231D60460092A7DE /* Base */,
			);
			name = Main.storyboard;
			sourceTree = "<group>";
		};
		4886082B231D60480092A7DE /* LaunchScreen.storyboard */ = {
			isa = PBXVariantGroup;
			children = (
				4886082C231D60480092A7DE /* Base */,
			);
			name = LaunchScreen.storyboard;
			sourceTree = "<group>";
		};
/* End PBXVariantGroup section */

/* Begin XCBuildConfiguration section */
		4886082F231D60480092A7DE /* Debug */ = {
			isa = XCBuildConfiguration;
			buildSettings = {
				ALWAYS_SEARCH_USER_PATHS = NO;
				CLANG_ANALYZER_NONNULL = YES;
				CLANG_ANALYZER_NUMBER_OBJECT_CONVERSION = YES_AGGRESSIVE;
				CLANG_CXX_LANGUAGE_STANDARD = "gnu++14";
				CLANG_CXX_LIBRARY = "libc++";
				CLANG_ENABLE_MODULES = YES;
				CLANG_ENABLE_OBJC_ARC = YES;
				CLANG_ENABLE_OBJC_WEAK = YES;
				CLANG_WARN_BLOCK_CAPTURE_AUTORELEASING = YES;
				CLANG_WARN_BOOL_CONVERSION = YES;
				CLANG_WARN_COMMA = YES;
				CLANG_WARN_CONSTANT_CONVERSION = YES;
				CLANG_WARN_DEPRECATED_OBJC_IMPLEMENTATIONS = YES;
				CLANG_WARN_DIRECT_OBJC_ISA_USAGE = YES_ERROR;
				CLANG_WARN_DOCUMENTATION_COMMENTS = YES;
				CLANG_WARN_EMPTY_BODY = YES;
				CLANG_WARN_ENUM_CONVERSION = YES;
				CLANG_WARN_INFINITE_RECURSION = YES;
				CLANG_WARN_INT_CONVERSION = YES;
				CLANG_WARN_NON_LITERAL_NULL_CONVERSION = YES;
				CLANG_WARN_OBJC_IMPLICIT_RETAIN_SELF = YES;
				CLANG_WARN_OBJC_LITERAL_CONVERSION = YES;
				CLANG_WARN_OBJC_ROOT_CLASS = YES_ERROR;
				CLANG_WARN_RANGE_LOOP_ANALYSIS = YES;
				CLANG_WARN_STRICT_PROTOTYPES = YES;
				CLANG_WARN_SUSPICIOUS_MOVE = YES;
				CLANG_WARN_UNGUARDED_AVAILABILITY = YES_AGGRESSIVE;
				CLANG_WARN_UNREACHABLE_CODE = YES;
				CLANG_WARN__DUPLICATE_METHOD_MATCH = YES;
				CODE_SIGN_IDENTITY = "iPhone Developer";
				COPY_PHASE_STRIP = NO;
				DEBUG_INFORMATION_FORMAT = dwarf;
				ENABLE_STRICT_OBJC_MSGSEND = YES;
				ENABLE_TESTABILITY = YES;
				GCC_C_LANGUAGE_STANDARD = gnu11;
				GCC_DYNAMIC_NO_PIC = NO;
				GCC_NO_COMMON_BLOCKS = YES;
				GCC_OPTIMIZATION_LEVEL = 0;
				GCC_PREPROCESSOR_DEFINITIONS = (
					"DEBUG=1",
					"$(inherited)",
				);
				GCC_WARN_64_TO_32_BIT_CONVERSION = YES;
				GCC_WARN_ABOUT_RETURN_TYPE = YES_ERROR;
				GCC_WARN_UNDECLARED_SELECTOR = YES;
				GCC_WARN_UNINITIALIZED_AUTOS = YES_AGGRESSIVE;
				GCC_WARN_UNUSED_FUNCTION = YES;
				GCC_WARN_UNUSED_VARIABLE = YES;
				IPHONEOS_DEPLOYMENT_TARGET = 12.4;
				MTL_ENABLE_DEBUG_INFO = INCLUDE_SOURCE;
				MTL_FAST_MATH = YES;
				ONLY_ACTIVE_ARCH = YES;
				SDKROOT = iphoneos;
				SWIFT_ACTIVE_COMPILATION_CONDITIONS = DEBUG;
				SWIFT_OPTIMIZATION_LEVEL = "-Onone";
			};
			name = Debug;
		};
		48860830231D60480092A7DE /* Release */ = {
			isa = XCBuildConfiguration;
			buildSettings = {
				ALWAYS_SEARCH_USER_PATHS = NO;
				CLANG_ANALYZER_NONNULL = YES;
				CLANG_ANALYZER_NUMBER_OBJECT_CONVERSION = YES_AGGRESSIVE;
				CLANG_CXX_LANGUAGE_STANDARD = "gnu++14";
				CLANG_CXX_LIBRARY = "libc++";
				CLANG_ENABLE_MODULES = YES;
				CLANG_ENABLE_OBJC_ARC = YES;
				CLANG_ENABLE_OBJC_WEAK = YES;
				CLANG_WARN_BLOCK_CAPTURE_AUTORELEASING = YES;
				CLANG_WARN_BOOL_CONVERSION = YES;
				CLANG_WARN_COMMA = YES;
				CLANG_WARN_CONSTANT_CONVERSION = YES;
				CLANG_WARN_DEPRECATED_OBJC_IMPLEMENTATIONS = YES;
				CLANG_WARN_DIRECT_OBJC_ISA_USAGE = YES_ERROR;
				CLANG_WARN_DOCUMENTATION_COMMENTS = YES;
				CLANG_WARN_EMPTY_BODY = YES;
				CLANG_WARN_ENUM_CONVERSION = YES;
				CLANG_WARN_INFINITE_RECURSION = YES;
				CLANG_WARN_INT_CONVERSION = YES;
				CLANG_WARN_NON_LITERAL_NULL_CONVERSION = YES;
				CLANG_WARN_OBJC_IMPLICIT_RETAIN_SELF = YES;
				CLANG_WARN_OBJC_LITERAL_CONVERSION = YES;
				CLANG_WARN_OBJC_ROOT_CLASS = YES_ERROR;
				CLANG_WARN_RANGE_LOOP_ANALYSIS = YES;
				CLANG_WARN_STRICT_PROTOTYPES = YES;
				CLANG_WARN_SUSPICIOUS_MOVE = YES;
				CLANG_WARN_UNGUARDED_AVAILABILITY = YES_AGGRESSIVE;
				CLANG_WARN_UNREACHABLE_CODE = YES;
				CLANG_WARN__DUPLICATE_METHOD_MATCH = YES;
				CODE_SIGN_IDENTITY = "iPhone Developer";
				COPY_PHASE_STRIP = NO;
				DEBUG_INFORMATION_FORMAT = "dwarf-with-dsym";
				ENABLE_NS_ASSERTIONS = NO;
				ENABLE_STRICT_OBJC_MSGSEND = YES;
				GCC_C_LANGUAGE_STANDARD = gnu11;
				GCC_NO_COMMON_BLOCKS = YES;
				GCC_WARN_64_TO_32_BIT_CONVERSION = YES;
				GCC_WARN_ABOUT_RETURN_TYPE = YES_ERROR;
				GCC_WARN_UNDECLARED_SELECTOR = YES;
				GCC_WARN_UNINITIALIZED_AUTOS = YES_AGGRESSIVE;
				GCC_WARN_UNUSED_FUNCTION = YES;
				GCC_WARN_UNUSED_VARIABLE = YES;
				IPHONEOS_DEPLOYMENT_TARGET = 12.4;
				MTL_ENABLE_DEBUG_INFO = NO;
				MTL_FAST_MATH = YES;
				SDKROOT = iphoneos;
				SWIFT_COMPILATION_MODE = wholemodule;
				SWIFT_OPTIMIZATION_LEVEL = "-O";
				VALIDATE_PRODUCT = YES;
			};
			name = Release;
		};
		48860832231D60480092A7DE /* Debug */ = {
			isa = XCBuildConfiguration;
			buildSettings = {
				ASSETCATALOG_COMPILER_APPICON_NAME = AppIcon;
				CODE_SIGN_STYLE = Automatic;
				INFOPLIST_FILE = lesson_6/Info.plist;
				LD_RUNPATH_SEARCH_PATHS = (
					"$(inherited)",
					"@executable_path/Frameworks",
				);
				PRODUCT_BUNDLE_IDENTIFIER = "UI.lesson-6";
				PRODUCT_NAME = "$(TARGET_NAME)";
				SWIFT_VERSION = 5.0;
				TARGETED_DEVICE_FAMILY = "1,2";
			};
			name = Debug;
		};
		48860833231D60480092A7DE /* Release */ = {
			isa = XCBuildConfiguration;
			buildSettings = {
				ASSETCATALOG_COMPILER_APPICON_NAME = AppIcon;
				CODE_SIGN_STYLE = Automatic;
				INFOPLIST_FILE = lesson_6/Info.plist;
				LD_RUNPATH_SEARCH_PATHS = (
					"$(inherited)",
					"@executable_path/Frameworks",
				);
				PRODUCT_BUNDLE_IDENTIFIER = "UI.lesson-6";
				PRODUCT_NAME = "$(TARGET_NAME)";
				SWIFT_VERSION = 5.0;
				TARGETED_DEVICE_FAMILY = "1,2";
			};
			name = Release;
		};
/* End XCBuildConfiguration section */

/* Begin XCConfigurationList section */
		4886081A231D60460092A7DE /* Build configuration list for PBXProject "lesson_6" */ = {
			isa = XCConfigurationList;
			buildConfigurations = (
				4886082F231D60480092A7DE /* Debug */,
				48860830231D60480092A7DE /* Release */,
			);
			defaultConfigurationIsVisible = 0;
			defaultConfigurationName = Release;
		};
		48860831231D60480092A7DE /* Build configuration list for PBXNativeTarget "lesson_6" */ = {
			isa = XCConfigurationList;
			buildConfigurations = (
				48860832231D60480092A7DE /* Debug */,
				48860833231D60480092A7DE /* Release */,
			);
			defaultConfigurationIsVisible = 0;
			defaultConfigurationName = Release;
		};
/* End XCConfigurationList section */
	};
	rootObject = 48860817231D60460092A7DE /* Project object */;
}
